
Microsoft Visual Studio Solution File, Format Version 12.00
# Visual Studio Version 17
VisualStudioVersion = 17.3.32922.545
MinimumVisualStudioVersion = 10.0.40219.1
Project("{FAE04EC0-301F-11D3-BF4B-00C04F79EFBC}") = "CustomKeys", "CustomKeys\CustomKeys.csproj", "{B2FA3C67-3D71-4922-991E-87FD74830E04}"
EndProject
Global
	GlobalSection(SolutionConfigurationPlatforms) = preSolution
		Debug|Any CPU = Debug|Any CPU
		Release|Any CPU = Release|Any CPU
	EndGlobalSection
	GlobalSection(ProjectConfigurationPlatforms) = postSolution
		{B2FA3C67-3D71-4922-991E-87FD74830E04}.Debug|Any CPU.ActiveCfg = Debug|Any CPU
		{B2FA3C67-3D71-4922-991E-87FD74830E04}.Debug|Any CPU.Build.0 = Debug|Any CPU
		{B2FA3C67-3D71-4922-991E-87FD74830E04}.Release|Any CPU.ActiveCfg = Release|Any CPU
		{B2FA3C67-3D71-4922-991E-87FD74830E04}.Release|Any CPU.Build.0 = Release|Any CPU
	EndGlobalSection
	GlobalSection(SolutionProperties) = preSolution
		HideSolutionNode = FALSE
	EndGlobalSection
	GlobalSection(ExtensibilityGlobals) = postSolution
		SolutionGuid = {D64AC254-4F0D-4914-B710-9309872BC336}
	EndGlobalSection
EndGlobal
